// !$*UTF8*$!
{
	archiveVersion = 1;
	classes = {
	};
	objectVersion = 46;
	objects = {

/* Begin PBXBuildFile section */
		E94F30931EF2155600D6F1BB /* AppDelegate.swift in Sources */ = {isa = PBXBuildFile; fileRef = E94F30921EF2155600D6F1BB /* AppDelegate.swift */; };
		E94F30951EF2155600D6F1BB /* ViewController.swift in Sources */ = {isa = PBXBuildFile; fileRef = E94F30941EF2155600D6F1BB /* ViewController.swift */; };
		E94F30981EF2155600D6F1BB /* Main.storyboard in Resources */ = {isa = PBXBuildFile; fileRef = E94F30961EF2155600D6F1BB /* Main.storyboard */; };
		E94F309A1EF2155600D6F1BB /* Assets.xcassets in Resources */ = {isa = PBXBuildFile; fileRef = E94F30991EF2155600D6F1BB /* Assets.xcassets */; };
		E94F309D1EF2155600D6F1BB /* LaunchScreen.storyboard in Resources */ = {isa = PBXBuildFile; fileRef = E94F309B1EF2155600D6F1BB /* LaunchScreen.storyboard */; };
		E94F30A81EF2155600D6F1BB /* ImobileSdkAdsAdapterMoPubSampleTests.swift in Sources */ = {isa = PBXBuildFile; fileRef = E94F30A71EF2155600D6F1BB /* ImobileSdkAdsAdapterMoPubSampleTests.swift */; };
		E94F30B31EF2155600D6F1BB /* ImobileSdkAdsAdapterMoPubSampleUITests.swift in Sources */ = {isa = PBXBuildFile; fileRef = E94F30B21EF2155600D6F1BB /* ImobileSdkAdsAdapterMoPubSampleUITests.swift */; };
/* End PBXBuildFile section */

/* Begin PBXContainerItemProxy section */
		E94F30A41EF2155600D6F1BB /* PBXContainerItemProxy */ = {
			isa = PBXContainerItemProxy;
			containerPortal = E94F30871EF2155600D6F1BB /* Project object */;
			proxyType = 1;
			remoteGlobalIDString = E94F308E1EF2155600D6F1BB;
			remoteInfo = ImobileSdkAdsAdapterMoPubSample;
		};
		E94F30AF1EF2155600D6F1BB /* PBXContainerItemProxy */ = {
			isa = PBXContainerItemProxy;
			containerPortal = E94F30871EF2155600D6F1BB /* Project object */;
			proxyType = 1;
			remoteGlobalIDString = E94F308E1EF2155600D6F1BB;
			remoteInfo = ImobileSdkAdsAdapterMoPubSample;
		};
/* End PBXContainerItemProxy section */

/* Begin PBXFileReference section */
		E94F308F1EF2155600D6F1BB /* ImobileSdkAdsAdapterMoPubSample.app */ = {isa = PBXFileReference; explicitFileType = wrapper.application; includeInIndex = 0; path = ImobileSdkAdsAdapterMoPubSample.app; sourceTree = BUILT_PRODUCTS_DIR; };
		E94F30921EF2155600D6F1BB /* AppDelegate.swift */ = {isa = PBXFileReference; lastKnownFileType = sourcecode.swift; path = AppDelegate.swift; sourceTree = "<group>"; };
		E94F30941EF2155600D6F1BB /* ViewController.swift */ = {isa = PBXFileReference; lastKnownFileType = sourcecode.swift; path = ViewController.swift; sourceTree = "<group>"; };
		E94F30971EF2155600D6F1BB /* Base */ = {isa = PBXFileReference; lastKnownFileType = file.storyboard; name = Base; path = Base.lproj/Main.storyboard; sourceTree = "<group>"; };
		E94F30991EF2155600D6F1BB /* Assets.xcassets */ = {isa = PBXFileReference; lastKnownFileType = folder.assetcatalog; path = Assets.xcassets; sourceTree = "<group>"; };
		E94F309C1EF2155600D6F1BB /* Base */ = {isa = PBXFileReference; lastKnownFileType = file.storyboard; name = Base; path = Base.lproj/LaunchScreen.storyboard; sourceTree = "<group>"; };
		E94F309E1EF2155600D6F1BB /* Info.plist */ = {isa = PBXFileReference; lastKnownFileType = text.plist.xml; path = Info.plist; sourceTree = "<group>"; };
		E94F30A31EF2155600D6F1BB /* ImobileSdkAdsAdapterMoPubSampleTests.xctest */ = {isa = PBXFileReference; explicitFileType = wrapper.cfbundle; includeInIndex = 0; path = ImobileSdkAdsAdapterMoPubSampleTests.xctest; sourceTree = BUILT_PRODUCTS_DIR; };
		E94F30A71EF2155600D6F1BB /* ImobileSdkAdsAdapterMoPubSampleTests.swift */ = {isa = PBXFileReference; lastKnownFileType = sourcecode.swift; path = ImobileSdkAdsAdapterMoPubSampleTests.swift; sourceTree = "<group>"; };
		E94F30A91EF2155600D6F1BB /* Info.plist */ = {isa = PBXFileReference; lastKnownFileType = text.plist.xml; path = Info.plist; sourceTree = "<group>"; };
		E94F30AE1EF2155600D6F1BB /* ImobileSdkAdsAdapterMoPubSampleUITests.xctest */ = {isa = PBXFileReference; explicitFileType = wrapper.cfbundle; includeInIndex = 0; path = ImobileSdkAdsAdapterMoPubSampleUITests.xctest; sourceTree = BUILT_PRODUCTS_DIR; };
		E94F30B21EF2155600D6F1BB /* ImobileSdkAdsAdapterMoPubSampleUITests.swift */ = {isa = PBXFileReference; lastKnownFileType = sourcecode.swift; path = ImobileSdkAdsAdapterMoPubSampleUITests.swift; sourceTree = "<group>"; };
		E94F30B41EF2155600D6F1BB /* Info.plist */ = {isa = PBXFileReference; lastKnownFileType = text.plist.xml; path = Info.plist; sourceTree = "<group>"; };
/* End PBXFileReference section */

/* Begin PBXFrameworksBuildPhase section */
		E94F308C1EF2155600D6F1BB /* Frameworks */ = {
			isa = PBXFrameworksBuildPhase;
			buildActionMask = 2147483647;
			files = (
			);
			runOnlyForDeploymentPostprocessing = 0;
		};
		E94F30A01EF2155600D6F1BB /* Frameworks */ = {
			isa = PBXFrameworksBuildPhase;
			buildActionMask = 2147483647;
			files = (
			);
			runOnlyForDeploymentPostprocessing = 0;
		};
		E94F30AB1EF2155600D6F1BB /* Frameworks */ = {
			isa = PBXFrameworksBuildPhase;
			buildActionMask = 2147483647;
			files = (
			);
			runOnlyForDeploymentPostprocessing = 0;
		};
/* End PBXFrameworksBuildPhase section */

/* Begin PBXGroup section */
		E94F30861EF2155600D6F1BB = {
			isa = PBXGroup;
			children = (
				E94F30911EF2155600D6F1BB /* ImobileSdkAdsAdapterMoPubSample */,
				E94F30A61EF2155600D6F1BB /* ImobileSdkAdsAdapterMoPubSampleTests */,
				E94F30B11EF2155600D6F1BB /* ImobileSdkAdsAdapterMoPubSampleUITests */,
				E94F30901EF2155600D6F1BB /* Products */,
			);
			sourceTree = "<group>";
		};
		E94F30901EF2155600D6F1BB /* Products */ = {
			isa = PBXGroup;
			children = (
				E94F308F1EF2155600D6F1BB /* ImobileSdkAdsAdapterMoPubSample.app */,
				E94F30A31EF2155600D6F1BB /* ImobileSdkAdsAdapterMoPubSampleTests.xctest */,
				E94F30AE1EF2155600D6F1BB /* ImobileSdkAdsAdapterMoPubSampleUITests.xctest */,
			);
			name = Products;
			sourceTree = "<group>";
		};
		E94F30911EF2155600D6F1BB /* ImobileSdkAdsAdapterMoPubSample */ = {
			isa = PBXGroup;
			children = (
				E94F30921EF2155600D6F1BB /* AppDelegate.swift */,
				E94F30941EF2155600D6F1BB /* ViewController.swift */,
				E94F30961EF2155600D6F1BB /* Main.storyboard */,
				E94F30991EF2155600D6F1BB /* Assets.xcassets */,
				E94F309B1EF2155600D6F1BB /* LaunchScreen.storyboard */,
				E94F309E1EF2155600D6F1BB /* Info.plist */,
			);
			path = ImobileSdkAdsAdapterMoPubSample;
			sourceTree = "<group>";
		};
		E94F30A61EF2155600D6F1BB /* ImobileSdkAdsAdapterMoPubSampleTests */ = {
			isa = PBXGroup;
			children = (
				E94F30A71EF2155600D6F1BB /* ImobileSdkAdsAdapterMoPubSampleTests.swift */,
				E94F30A91EF2155600D6F1BB /* Info.plist */,
			);
			path = ImobileSdkAdsAdapterMoPubSampleTests;
			sourceTree = "<group>";
		};
		E94F30B11EF2155600D6F1BB /* ImobileSdkAdsAdapterMoPubSampleUITests */ = {
			isa = PBXGroup;
			children = (
				E94F30B21EF2155600D6F1BB /* ImobileSdkAdsAdapterMoPubSampleUITests.swift */,
				E94F30B41EF2155600D6F1BB /* Info.plist */,
			);
			path = ImobileSdkAdsAdapterMoPubSampleUITests;
			sourceTree = "<group>";
		};
/* End PBXGroup section */

/* Begin PBXNativeTarget section */
		E94F308E1EF2155600D6F1BB /* ImobileSdkAdsAdapterMoPubSample */ = {
			isa = PBXNativeTarget;
			buildConfigurationList = E94F30B71EF2155700D6F1BB /* Build configuration list for PBXNativeTarget "ImobileSdkAdsAdapterMoPubSample" */;
			buildPhases = (
				E94F308B1EF2155600D6F1BB /* Sources */,
				E94F308C1EF2155600D6F1BB /* Frameworks */,
				E94F308D1EF2155600D6F1BB /* Resources */,
			);
			buildRules = (
			);
			dependencies = (
			);
			name = ImobileSdkAdsAdapterMoPubSample;
			productName = ImobileSdkAdsAdapterMoPubSample;
			productReference = E94F308F1EF2155600D6F1BB /* ImobileSdkAdsAdapterMoPubSample.app */;
			productType = "com.apple.product-type.application";
		};
		E94F30A21EF2155600D6F1BB /* ImobileSdkAdsAdapterMoPubSampleTests */ = {
			isa = PBXNativeTarget;
			buildConfigurationList = E94F30BA1EF2155700D6F1BB /* Build configuration list for PBXNativeTarget "ImobileSdkAdsAdapterMoPubSampleTests" */;
			buildPhases = (
				E94F309F1EF2155600D6F1BB /* Sources */,
				E94F30A01EF2155600D6F1BB /* Frameworks */,
				E94F30A11EF2155600D6F1BB /* Resources */,
			);
			buildRules = (
			);
			dependencies = (
				E94F30A51EF2155600D6F1BB /* PBXTargetDependency */,
			);
			name = ImobileSdkAdsAdapterMoPubSampleTests;
			productName = ImobileSdkAdsAdapterMoPubSampleTests;
			productReference = E94F30A31EF2155600D6F1BB /* ImobileSdkAdsAdapterMoPubSampleTests.xctest */;
			productType = "com.apple.product-type.bundle.unit-test";
		};
		E94F30AD1EF2155600D6F1BB /* ImobileSdkAdsAdapterMoPubSampleUITests */ = {
			isa = PBXNativeTarget;
			buildConfigurationList = E94F30BD1EF2155700D6F1BB /* Build configuration list for PBXNativeTarget "ImobileSdkAdsAdapterMoPubSampleUITests" */;
			buildPhases = (
				E94F30AA1EF2155600D6F1BB /* Sources */,
				E94F30AB1EF2155600D6F1BB /* Frameworks */,
				E94F30AC1EF2155600D6F1BB /* Resources */,
			);
			buildRules = (
			);
			dependencies = (
				E94F30B01EF2155600D6F1BB /* PBXTargetDependency */,
			);
			name = ImobileSdkAdsAdapterMoPubSampleUITests;
			productName = ImobileSdkAdsAdapterMoPubSampleUITests;
			productReference = E94F30AE1EF2155600D6F1BB /* ImobileSdkAdsAdapterMoPubSampleUITests.xctest */;
			productType = "com.apple.product-type.bundle.ui-testing";
		};
/* End PBXNativeTarget section */

/* Begin PBXProject section */
		E94F30871EF2155600D6F1BB /* Project object */ = {
			isa = PBXProject;
			attributes = {
				LastSwiftUpdateCheck = 0830;
				LastUpgradeCheck = 0830;
				ORGANIZATIONNAME = "Akira Ohnishi";
				TargetAttributes = {
					E94F308E1EF2155600D6F1BB = {
						CreatedOnToolsVersion = 8.3.3;
						DevelopmentTeam = L9CVD8GGL4;
						ProvisioningStyle = Automatic;
					};
					E94F30A21EF2155600D6F1BB = {
						CreatedOnToolsVersion = 8.3.3;
						DevelopmentTeam = L9CVD8GGL4;
						ProvisioningStyle = Automatic;
						TestTargetID = E94F308E1EF2155600D6F1BB;
					};
					E94F30AD1EF2155600D6F1BB = {
						CreatedOnToolsVersion = 8.3.3;
						DevelopmentTeam = L9CVD8GGL4;
						ProvisioningStyle = Automatic;
						TestTargetID = E94F308E1EF2155600D6F1BB;
					};
				};
			};
			buildConfigurationList = E94F308A1EF2155600D6F1BB /* Build configuration list for PBXProject "ImobileSdkAdsAdapterMoPubSample" */;
			compatibilityVersion = "Xcode 3.2";
			developmentRegion = English;
			hasScannedForEncodings = 0;
			knownRegions = (
				en,
				Base,
			);
			mainGroup = E94F30861EF2155600D6F1BB;
			productRefGroup = E94F30901EF2155600D6F1BB /* Products */;
			projectDirPath = "";
			projectRoot = "";
			targets = (
				E94F308E1EF2155600D6F1BB /* ImobileSdkAdsAdapterMoPubSample */,
				E94F30A21EF2155600D6F1BB /* ImobileSdkAdsAdapterMoPubSampleTests */,
				E94F30AD1EF2155600D6F1BB /* ImobileSdkAdsAdapterMoPubSampleUITests */,
			);
		};
/* End PBXProject section */

/* Begin PBXResourcesBuildPhase section */
		E94F308D1EF2155600D6F1BB /* Resources */ = {
			isa = PBXResourcesBuildPhase;
			buildActionMask = 2147483647;
			files = (
				E94F309D1EF2155600D6F1BB /* LaunchScreen.storyboard in Resources */,
				E94F309A1EF2155600D6F1BB /* Assets.xcassets in Resources */,
				E94F30981EF2155600D6F1BB /* Main.storyboard in Resources */,
			);
			runOnlyForDeploymentPostprocessing = 0;
		};
		E94F30A11EF2155600D6F1BB /* Resources */ = {
			isa = PBXResourcesBuildPhase;
			buildActionMask = 2147483647;
			files = (
			);
			runOnlyForDeploymentPostprocessing = 0;
		};
		E94F30AC1EF2155600D6F1BB /* Resources */ = {
			isa = PBXResourcesBuildPhase;
			buildActionMask = 2147483647;
			files = (
			);
			runOnlyForDeploymentPostprocessing = 0;
		};
/* End PBXResourcesBuildPhase section */

/* Begin PBXSourcesBuildPhase section */
		E94F308B1EF2155600D6F1BB /* Sources */ = {
			isa = PBXSourcesBuildPhase;
			buildActionMask = 2147483647;
			files = (
				E94F30951EF2155600D6F1BB /* ViewController.swift in Sources */,
				E94F30931EF2155600D6F1BB /* AppDelegate.swift in Sources */,
			);
			runOnlyForDeploymentPostprocessing = 0;
		};
		E94F309F1EF2155600D6F1BB /* Sources */ = {
			isa = PBXSourcesBuildPhase;
			buildActionMask = 2147483647;
			files = (
				E94F30A81EF2155600D6F1BB /* ImobileSdkAdsAdapterMoPubSampleTests.swift in Sources */,
			);
			runOnlyForDeploymentPostprocessing = 0;
		};
		E94F30AA1EF2155600D6F1BB /* Sources */ = {
			isa = PBXSourcesBuildPhase;
			buildActionMask = 2147483647;
			files = (
				E94F30B31EF2155600D6F1BB /* ImobileSdkAdsAdapterMoPubSampleUITests.swift in Sources */,
			);
			runOnlyForDeploymentPostprocessing = 0;
		};
/* End PBXSourcesBuildPhase section */

/* Begin PBXTargetDependency section */
		E94F30A51EF2155600D6F1BB /* PBXTargetDependency */ = {
			isa = PBXTargetDependency;
			target = E94F308E1EF2155600D6F1BB /* ImobileSdkAdsAdapterMoPubSample */;
			targetProxy = E94F30A41EF2155600D6F1BB /* PBXContainerItemProxy */;
		};
		E94F30B01EF2155600D6F1BB /* PBXTargetDependency */ = {
			isa = PBXTargetDependency;
			target = E94F308E1EF2155600D6F1BB /* ImobileSdkAdsAdapterMoPubSample */;
			targetProxy = E94F30AF1EF2155600D6F1BB /* PBXContainerItemProxy */;
		};
/* End PBXTargetDependency section */

/* Begin PBXVariantGroup section */
		E94F30961EF2155600D6F1BB /* Main.storyboard */ = {
			isa = PBXVariantGroup;
			children = (
				E94F30971EF2155600D6F1BB /* Base */,
			);
			name = Main.storyboard;
			sourceTree = "<group>";
		};
		E94F309B1EF2155600D6F1BB /* LaunchScreen.storyboard */ = {
			isa = PBXVariantGroup;
			children = (
				E94F309C1EF2155600D6F1BB /* Base */,
			);
			name = LaunchScreen.storyboard;
			sourceTree = "<group>";
		};
/* End PBXVariantGroup section */

/* Begin XCBuildConfiguration section */
		E94F30B51EF2155700D6F1BB /* Debug */ = {
			isa = XCBuildConfiguration;
			buildSettings = {
				ALWAYS_SEARCH_USER_PATHS = NO;
				CLANG_ANALYZER_NONNULL = YES;
				CLANG_ANALYZER_NUMBER_OBJECT_CONVERSION = YES_AGGRESSIVE;
				CLANG_CXX_LANGUAGE_STANDARD = "gnu++0x";
				CLANG_CXX_LIBRARY = "libc++";
				CLANG_ENABLE_MODULES = YES;
				CLANG_ENABLE_OBJC_ARC = YES;
				CLANG_WARN_BOOL_CONVERSION = YES;
				CLANG_WARN_CONSTANT_CONVERSION = YES;
				CLANG_WARN_DIRECT_OBJC_ISA_USAGE = YES_ERROR;
				CLANG_WARN_DOCUMENTATION_COMMENTS = YES;
				CLANG_WARN_EMPTY_BODY = YES;
				CLANG_WARN_ENUM_CONVERSION = YES;
				CLANG_WARN_INFINITE_RECURSION = YES;
				CLANG_WARN_INT_CONVERSION = YES;
				CLANG_WARN_OBJC_ROOT_CLASS = YES_ERROR;
				CLANG_WARN_SUSPICIOUS_MOVE = YES;
				CLANG_WARN_UNREACHABLE_CODE = YES;
				CLANG_WARN__DUPLICATE_METHOD_MATCH = YES;
				"CODE_SIGN_IDENTITY[sdk=iphoneos*]" = "iPhone Developer";
				COPY_PHASE_STRIP = NO;
				DEBUG_INFORMATION_FORMAT = dwarf;
				ENABLE_STRICT_OBJC_MSGSEND = YES;
				ENABLE_TESTABILITY = YES;
				GCC_C_LANGUAGE_STANDARD = gnu99;
				GCC_DYNAMIC_NO_PIC = NO;
				GCC_NO_COMMON_BLOCKS = YES;
				GCC_OPTIMIZATION_LEVEL = 0;
				GCC_PREPROCESSOR_DEFINITIONS = (
					"DEBUG=1",
					"$(inherited)",
				);
				GCC_WARN_64_TO_32_BIT_CONVERSION = YES;
				GCC_WARN_ABOUT_RETURN_TYPE = YES_ERROR;
				GCC_WARN_UNDECLARED_SELECTOR = YES;
				GCC_WARN_UNINITIALIZED_AUTOS = YES_AGGRESSIVE;
				GCC_WARN_UNUSED_FUNCTION = YES;
				GCC_WARN_UNUSED_VARIABLE = YES;
				IPHONEOS_DEPLOYMENT_TARGET = 10.3;
				MTL_ENABLE_DEBUG_INFO = YES;
				ONLY_ACTIVE_ARCH = YES;
				SDKROOT = iphoneos;
				SWIFT_ACTIVE_COMPILATION_CONDITIONS = DEBUG;
				SWIFT_OPTIMIZATION_LEVEL = "-Onone";
				TARGETED_DEVICE_FAMILY = "1,2";
			};
			name = Debug;
		};
		E94F30B61EF2155700D6F1BB /* Release */ = {
			isa = XCBuildConfiguration;
			buildSettings = {
				ALWAYS_SEARCH_USER_PATHS = NO;
				CLANG_ANALYZER_NONNULL = YES;
				CLANG_ANALYZER_NUMBER_OBJECT_CONVERSION = YES_AGGRESSIVE;
				CLANG_CXX_LANGUAGE_STANDARD = "gnu++0x";
				CLANG_CXX_LIBRARY = "libc++";
				CLANG_ENABLE_MODULES = YES;
				CLANG_ENABLE_OBJC_ARC = YES;
				CLANG_WARN_BOOL_CONVERSION = YES;
				CLANG_WARN_CONSTANT_CONVERSION = YES;
				CLANG_WARN_DIRECT_OBJC_ISA_USAGE = YES_ERROR;
				CLANG_WARN_DOCUMENTATION_COMMENTS = YES;
				CLANG_WARN_EMPTY_BODY = YES;
				CLANG_WARN_ENUM_CONVERSION = YES;
				CLANG_WARN_INFINITE_RECURSION = YES;
				CLANG_WARN_INT_CONVERSION = YES;
				CLANG_WARN_OBJC_ROOT_CLASS = YES_ERROR;
				CLANG_WARN_SUSPICIOUS_MOVE = YES;
				CLANG_WARN_UNREACHABLE_CODE = YES;
				CLANG_WARN__DUPLICATE_METHOD_MATCH = YES;
				"CODE_SIGN_IDENTITY[sdk=iphoneos*]" = "iPhone Developer";
				COPY_PHASE_STRIP = NO;
				DEBUG_INFORMATION_FORMAT = "dwarf-with-dsym";
				ENABLE_NS_ASSERTIONS = NO;
				ENABLE_STRICT_OBJC_MSGSEND = YES;
				GCC_C_LANGUAGE_STANDARD = gnu99;
				GCC_NO_COMMON_BLOCKS = YES;
				GCC_WARN_64_TO_32_BIT_CONVERSION = YES;
				GCC_WARN_ABOUT_RETURN_TYPE = YES_ERROR;
				GCC_WARN_UNDECLARED_SELECTOR = YES;
				GCC_WARN_UNINITIALIZED_AUTOS = YES_AGGRESSIVE;
				GCC_WARN_UNUSED_FUNCTION = YES;
				GCC_WARN_UNUSED_VARIABLE = YES;
				IPHONEOS_DEPLOYMENT_TARGET = 10.3;
				MTL_ENABLE_DEBUG_INFO = NO;
				SDKROOT = iphoneos;
				SWIFT_OPTIMIZATION_LEVEL = "-Owholemodule";
				TARGETED_DEVICE_FAMILY = "1,2";
				VALIDATE_PRODUCT = YES;
			};
			name = Release;
		};
		E94F30B81EF2155700D6F1BB /* Debug */ = {
			isa = XCBuildConfiguration;
			buildSettings = {
				ASSETCATALOG_COMPILER_APPICON_NAME = AppIcon;
				DEVELOPMENT_TEAM = L9CVD8GGL4;
				INFOPLIST_FILE = ImobileSdkAdsAdapterMoPubSample/Info.plist;
				LD_RUNPATH_SEARCH_PATHS = "$(inherited) @executable_path/Frameworks";
				PRODUCT_BUNDLE_IDENTIFIER = jp.co.ipg.ImobileSdkAdsAdapterMoPubSample;
				PRODUCT_NAME = "$(TARGET_NAME)";
				SWIFT_VERSION = 3.0;
			};
			name = Debug;
		};
		E94F30B91EF2155700D6F1BB /* Release */ = {
			isa = XCBuildConfiguration;
			buildSettings = {
				ASSETCATALOG_COMPILER_APPICON_NAME = AppIcon;
				DEVELOPMENT_TEAM = L9CVD8GGL4;
				INFOPLIST_FILE = ImobileSdkAdsAdapterMoPubSample/Info.plist;
				LD_RUNPATH_SEARCH_PATHS = "$(inherited) @executable_path/Frameworks";
				PRODUCT_BUNDLE_IDENTIFIER = jp.co.ipg.ImobileSdkAdsAdapterMoPubSample;
				PRODUCT_NAME = "$(TARGET_NAME)";
				SWIFT_VERSION = 3.0;
			};
			name = Release;
		};
		E94F30BB1EF2155700D6F1BB /* Debug */ = {
			isa = XCBuildConfiguration;
			buildSettings = {
				ALWAYS_EMBED_SWIFT_STANDARD_LIBRARIES = YES;
				BUNDLE_LOADER = "$(TEST_HOST)";
				DEVELOPMENT_TEAM = L9CVD8GGL4;
				INFOPLIST_FILE = ImobileSdkAdsAdapterMoPubSampleTests/Info.plist;
				LD_RUNPATH_SEARCH_PATHS = "$(inherited) @executable_path/Frameworks @loader_path/Frameworks";
				PRODUCT_BUNDLE_IDENTIFIER = jp.co.ipg.ImobileSdkAdsAdapterMoPubSampleTests;
				PRODUCT_NAME = "$(TARGET_NAME)";
				SWIFT_VERSION = 3.0;
				TEST_HOST = "$(BUILT_PRODUCTS_DIR)/ImobileSdkAdsAdapterMoPubSample.app/ImobileSdkAdsAdapterMoPubSample";
			};
			name = Debug;
		};
		E94F30BC1EF2155700D6F1BB /* Release */ = {
			isa = XCBuildConfiguration;
			buildSettings = {
				ALWAYS_EMBED_SWIFT_STANDARD_LIBRARIES = YES;
				BUNDLE_LOADER = "$(TEST_HOST)";
				DEVELOPMENT_TEAM = L9CVD8GGL4;
				INFOPLIST_FILE = ImobileSdkAdsAdapterMoPubSampleTests/Info.plist;
				LD_RUNPATH_SEARCH_PATHS = "$(inherited) @executable_path/Frameworks @loader_path/Frameworks";
				PRODUCT_BUNDLE_IDENTIFIER = jp.co.ipg.ImobileSdkAdsAdapterMoPubSampleTests;
				PRODUCT_NAME = "$(TARGET_NAME)";
				SWIFT_VERSION = 3.0;
				TEST_HOST = "$(BUILT_PRODUCTS_DIR)/ImobileSdkAdsAdapterMoPubSample.app/ImobileSdkAdsAdapterMoPubSample";
			};
			name = Release;
		};
		E94F30BE1EF2155700D6F1BB /* Debug */ = {
			isa = XCBuildConfiguration;
			buildSettings = {
				ALWAYS_EMBED_SWIFT_STANDARD_LIBRARIES = YES;
				DEVELOPMENT_TEAM = L9CVD8GGL4;
				INFOPLIST_FILE = ImobileSdkAdsAdapterMoPubSampleUITests/Info.plist;
				LD_RUNPATH_SEARCH_PATHS = "$(inherited) @executable_path/Frameworks @loader_path/Frameworks";
				PRODUCT_BUNDLE_IDENTIFIER = jp.co.ipg.ImobileSdkAdsAdapterMoPubSampleUITests;
				PRODUCT_NAME = "$(TARGET_NAME)";
				SWIFT_VERSION = 3.0;
				TEST_TARGET_NAME = ImobileSdkAdsAdapterMoPubSample;
			};
			name = Debug;
		};
		E94F30BF1EF2155700D6F1BB /* Release */ = {
			isa = XCBuildConfiguration;
			buildSettings = {
				ALWAYS_EMBED_SWIFT_STANDARD_LIBRARIES = YES;
				DEVELOPMENT_TEAM = L9CVD8GGL4;
				INFOPLIST_FILE = ImobileSdkAdsAdapterMoPubSampleUITests/Info.plist;
				LD_RUNPATH_SEARCH_PATHS = "$(inherited) @executable_path/Frameworks @loader_path/Frameworks";
				PRODUCT_BUNDLE_IDENTIFIER = jp.co.ipg.ImobileSdkAdsAdapterMoPubSampleUITests;
				PRODUCT_NAME = "$(TARGET_NAME)";
				SWIFT_VERSION = 3.0;
				TEST_TARGET_NAME = ImobileSdkAdsAdapterMoPubSample;
			};
			name = Release;
		};
/* End XCBuildConfiguration section */

/* Begin XCConfigurationList section */
		E94F308A1EF2155600D6F1BB /* Build configuration list for PBXProject "ImobileSdkAdsAdapterMoPubSample" */ = {
			isa = XCConfigurationList;
			buildConfigurations = (
				E94F30B51EF2155700D6F1BB /* Debug */,
				E94F30B61EF2155700D6F1BB /* Release */,
			);
			defaultConfigurationIsVisible = 0;
			defaultConfigurationName = Release;
		};
		E94F30B71EF2155700D6F1BB /* Build configuration list for PBXNativeTarget "ImobileSdkAdsAdapterMoPubSample" */ = {
			isa = XCConfigurationList;
			buildConfigurations = (
				E94F30B81EF2155700D6F1BB /* Debug */,
				E94F30B91EF2155700D6F1BB /* Release */,
			);
			defaultConfigurationIsVisible = 0;
		};
		E94F30BA1EF2155700D6F1BB /* Build configuration list for PBXNativeTarget "ImobileSdkAdsAdapterMoPubSampleTests" */ = {
			isa = XCConfigurationList;
			buildConfigurations = (
				E94F30BB1EF2155700D6F1BB /* Debug */,
				E94F30BC1EF2155700D6F1BB /* Release */,
			);
			defaultConfigurationIsVisible = 0;
		};
		E94F30BD1EF2155700D6F1BB /* Build configuration list for PBXNativeTarget "ImobileSdkAdsAdapterMoPubSampleUITests" */ = {
			isa = XCConfigurationList;
			buildConfigurations = (
				E94F30BE1EF2155700D6F1BB /* Debug */,
				E94F30BF1EF2155700D6F1BB /* Release */,
			);
			defaultConfigurationIsVisible = 0;
		};
/* End XCConfigurationList section */
	};
	rootObject = E94F30871EF2155600D6F1BB /* Project object */;
}
